
Microsoft Visual Studio Solution File, Format Version 12.00
# Visual Studio Version 16
VisualStudioVersion = 16.0.31205.134
MinimumVisualStudioVersion = 10.0.40219.1
Project("{9A19103F-16F7-4668-BE54-9A1E7A4F7556}") = "Maps", "Maps\Maps.csproj", "{3A0640CD-873A-4385-AFF6-B98E91388DBC}"
EndProject
Project("{9A19103F-16F7-4668-BE54-9A1E7A4F7556}") = "Common.DAL.Abstract", "DAL.Abstract\Common.DAL.Abstract.csproj", "{4FB89313-3621-4592-A940-E55EFC98C39A}"
EndProject
Project("{9A19103F-16F7-4668-BE54-9A1E7A4F7556}") = "Common.Entity", "Entity\Common.Entity.csproj", "{E8D06A57-27EE-4592-AF51-98E18D619C5A}"
EndProject
Project("{9A19103F-16F7-4668-BE54-9A1E7A4F7556}") = "WorkWithEF.DAL.Impl", "DAL.Impl\WorkWithEF.DAL.Impl.csproj", "{61223D27-FBD5-4E3E-8005-B9E8D7663732}"
EndProject
Project("{9A19103F-16F7-4668-BE54-9A1E7A4F7556}") = "WorkWithEF.Database", "Database\WorkWithEF.Database.csproj", "{902F9F32-8404-454C-B25E-ECD5DBCCDAAB}"
EndProject
Project("{9A19103F-16F7-4668-BE54-9A1E7A4F7556}") = "ADO.DAL.Impl", "ADO.DAL.Impl\ADO.DAL.Impl.csproj", "{481187D3-DB71-4334-9D9A-6B85D22DD431}"
EndProject
Project("{9A19103F-16F7-4668-BE54-9A1E7A4F7556}") = "Common.BL.Abstract", "Common.BL.Abstract\Common.BL.Abstract.csproj", "{9A9DAA12-29B9-44B9-87F4-43C942B87B72}"
EndProject
Project("{FAE04EC0-301F-11D3-BF4B-00C04F79EFBC}") = "WorkWithEF.BL.Impl", "EF.BL.Impl\WorkWithEF.BL.Impl.csproj", "{33917FB8-423E-4E50-9D88-A74AE754D8BA}"
EndProject
Project("{FAE04EC0-301F-11D3-BF4B-00C04F79EFBC}") = "ADO.BL.Impl", "ADO.BL.Impl\ADO.BL.Impl.csproj", "{43390470-41CD-406C-BAFB-4282ABDD0393}"
EndProject
Global
	GlobalSection(SolutionConfigurationPlatforms) = preSolution
		Debug|Any CPU = Debug|Any CPU
		Release|Any CPU = Release|Any CPU
	EndGlobalSection
	GlobalSection(ProjectConfigurationPlatforms) = postSolution
		{3A0640CD-873A-4385-AFF6-B98E91388DBC}.Debug|Any CPU.ActiveCfg = Debug|Any CPU
		{3A0640CD-873A-4385-AFF6-B98E91388DBC}.Debug|Any CPU.Build.0 = Debug|Any CPU
		{3A0640CD-873A-4385-AFF6-B98E91388DBC}.Release|Any CPU.ActiveCfg = Release|Any CPU
		{3A0640CD-873A-4385-AFF6-B98E91388DBC}.Release|Any CPU.Build.0 = Release|Any CPU
		{4FB89313-3621-4592-A940-E55EFC98C39A}.Debug|Any CPU.ActiveCfg = Debug|Any CPU
		{4FB89313-3621-4592-A940-E55EFC98C39A}.Debug|Any CPU.Build.0 = Debug|Any CPU
		{4FB89313-3621-4592-A940-E55EFC98C39A}.Release|Any CPU.ActiveCfg = Release|Any CPU
		{4FB89313-3621-4592-A940-E55EFC98C39A}.Release|Any CPU.Build.0 = Release|Any CPU
		{E8D06A57-27EE-4592-AF51-98E18D619C5A}.Debug|Any CPU.ActiveCfg = Debug|Any CPU
		{E8D06A57-27EE-4592-AF51-98E18D619C5A}.Debug|Any CPU.Build.0 = Debug|Any CPU
		{E8D06A57-27EE-4592-AF51-98E18D619C5A}.Release|Any CPU.ActiveCfg = Release|Any CPU
		{E8D06A57-27EE-4592-AF51-98E18D619C5A}.Release|Any CPU.Build.0 = Release|Any CPU
		{61223D27-FBD5-4E3E-8005-B9E8D7663732}.Debug|Any CPU.ActiveCfg = Debug|Any CPU
		{61223D27-FBD5-4E3E-8005-B9E8D7663732}.Debug|Any CPU.Build.0 = Debug|Any CPU
		{61223D27-FBD5-4E3E-8005-B9E8D7663732}.Release|Any CPU.ActiveCfg = Release|Any CPU
		{61223D27-FBD5-4E3E-8005-B9E8D7663732}.Release|Any CPU.Build.0 = Release|Any CPU
		{902F9F32-8404-454C-B25E-ECD5DBCCDAAB}.Debug|Any CPU.ActiveCfg = Debug|Any CPU
		{902F9F32-8404-454C-B25E-ECD5DBCCDAAB}.Debug|Any CPU.Build.0 = Debug|Any CPU
		{902F9F32-8404-454C-B25E-ECD5DBCCDAAB}.Release|Any CPU.ActiveCfg = Release|Any CPU
		{902F9F32-8404-454C-B25E-ECD5DBCCDAAB}.Release|Any CPU.Build.0 = Release|Any CPU
		{481187D3-DB71-4334-9D9A-6B85D22DD431}.Debug|Any CPU.ActiveCfg = Debug|Any CPU
		{481187D3-DB71-4334-9D9A-6B85D22DD431}.Debug|Any CPU.Build.0 = Debug|Any CPU
		{481187D3-DB71-4334-9D9A-6B85D22DD431}.Release|Any CPU.ActiveCfg = Release|Any CPU
		{481187D3-DB71-4334-9D9A-6B85D22DD431}.Release|Any CPU.Build.0 = Release|Any CPU
		{9A9DAA12-29B9-44B9-87F4-43C942B87B72}.Debug|Any CPU.ActiveCfg = Debug|Any CPU
		{9A9DAA12-29B9-44B9-87F4-43C942B87B72}.Debug|Any CPU.Build.0 = Debug|Any CPU
		{9A9DAA12-29B9-44B9-87F4-43C942B87B72}.Release|Any CPU.ActiveCfg = Release|Any CPU
		{9A9DAA12-29B9-44B9-87F4-43C942B87B72}.Release|Any CPU.Build.0 = Release|Any CPU
		{33917FB8-423E-4E50-9D88-A74AE754D8BA}.Debug|Any CPU.ActiveCfg = Debug|Any CPU
		{33917FB8-423E-4E50-9D88-A74AE754D8BA}.Debug|Any CPU.Build.0 = Debug|Any CPU
		{33917FB8-423E-4E50-9D88-A74AE754D8BA}.Release|Any CPU.ActiveCfg = Release|Any CPU
		{33917FB8-423E-4E50-9D88-A74AE754D8BA}.Release|Any CPU.Build.0 = Release|Any CPU
		{43390470-41CD-406C-BAFB-4282ABDD0393}.Debug|Any CPU.ActiveCfg = Debug|Any CPU
		{43390470-41CD-406C-BAFB-4282ABDD0393}.Debug|Any CPU.Build.0 = Debug|Any CPU
		{43390470-41CD-406C-BAFB-4282ABDD0393}.Release|Any CPU.ActiveCfg = Release|Any CPU
		{43390470-41CD-406C-BAFB-4282ABDD0393}.Release|Any CPU.Build.0 = Release|Any CPU
	EndGlobalSection
	GlobalSection(SolutionProperties) = preSolution
		HideSolutionNode = FALSE
	EndGlobalSection
	GlobalSection(ExtensibilityGlobals) = postSolution
		SolutionGuid = {A46A29CA-CFC6-441A-8F46-DF3F0E0E8A3F}
	EndGlobalSection
EndGlobal
