
Microsoft Visual Studio Solution File, Format Version 12.00
# Visual Studio Version 16
VisualStudioVersion = 16.0.31205.134
MinimumVisualStudioVersion = 10.0.40219.1
Project("{9A19103F-16F7-4668-BE54-9A1E7A4F7556}") = "Maps", "Maps\Maps.csproj", "{3A0640CD-873A-4385-AFF6-B98E91388DBC}"
EndProject
Project("{9A19103F-16F7-4668-BE54-9A1E7A4F7556}") = "ADO.DAL.Impl", "ADO.DAL.Impl\ADO.DAL.Impl.csproj", "{481187D3-DB71-4334-9D9A-6B85D22DD431}"
EndProject
Project("{9A19103F-16F7-4668-BE54-9A1E7A4F7556}") = "Common.BL.Abstract", "Common.BL.Abstract\Common.BL.Abstract.csproj", "{9A9DAA12-29B9-44B9-87F4-43C942B87B72}"
EndProject
Project("{9A19103F-16F7-4668-BE54-9A1E7A4F7556}") = "ADO.BL.Impl", "ADO.BL.Impl\ADO.BL.Impl.csproj", "{43390470-41CD-406C-BAFB-4282ABDD0393}"
EndProject
Project("{9A19103F-16F7-4668-BE54-9A1E7A4F7556}") = "Common.DAL.Abstract", "Common.DAL.Abstract\Common.DAL.Abstract.csproj", "{11DCF0A9-F9CA-4BAD-85B6-63D6E3DE14AB}"
EndProject
Project("{9A19103F-16F7-4668-BE54-9A1E7A4F7556}") = "Common.Entity", "Common.Entity\Common.Entity.csproj", "{496C19AB-21C5-4514-9E3B-AD90A984AC1E}"
EndProject
Project("{9A19103F-16F7-4668-BE54-9A1E7A4F7556}") = "WorkWithEF.BL.Impl", "WorkWithEF.BL.Impl\WorkWithEF.BL.Impl.csproj", "{79F1F8B9-7E35-4827-9AFF-87A6ABC3C6CE}"
EndProject
Project("{9A19103F-16F7-4668-BE54-9A1E7A4F7556}") = "WorkWithEF.DAL.Impl", "WorkWithEF.DAL.Impl\WorkWithEF.DAL.Impl.csproj", "{AA88B563-39BC-4A4C-92EB-5214602A262E}"
EndProject
Project("{9A19103F-16F7-4668-BE54-9A1E7A4F7556}") = "WorkWithEF.Database", "WorkWithEF.Database\WorkWithEF.Database.csproj", "{09B8010B-F780-4555-97A2-E06244942094}"
EndProject
Global
	GlobalSection(SolutionConfigurationPlatforms) = preSolution
		Debug|Any CPU = Debug|Any CPU
		Release|Any CPU = Release|Any CPU
	EndGlobalSection
	GlobalSection(ProjectConfigurationPlatforms) = postSolution
		{3A0640CD-873A-4385-AFF6-B98E91388DBC}.Debug|Any CPU.ActiveCfg = Debug|Any CPU
		{3A0640CD-873A-4385-AFF6-B98E91388DBC}.Debug|Any CPU.Build.0 = Debug|Any CPU
		{3A0640CD-873A-4385-AFF6-B98E91388DBC}.Release|Any CPU.ActiveCfg = Release|Any CPU
		{3A0640CD-873A-4385-AFF6-B98E91388DBC}.Release|Any CPU.Build.0 = Release|Any CPU
		{481187D3-DB71-4334-9D9A-6B85D22DD431}.Debug|Any CPU.ActiveCfg = Debug|Any CPU
		{481187D3-DB71-4334-9D9A-6B85D22DD431}.Debug|Any CPU.Build.0 = Debug|Any CPU
		{481187D3-DB71-4334-9D9A-6B85D22DD431}.Release|Any CPU.ActiveCfg = Release|Any CPU
		{481187D3-DB71-4334-9D9A-6B85D22DD431}.Release|Any CPU.Build.0 = Release|Any CPU
		{9A9DAA12-29B9-44B9-87F4-43C942B87B72}.Debug|Any CPU.ActiveCfg = Debug|Any CPU
		{9A9DAA12-29B9-44B9-87F4-43C942B87B72}.Debug|Any CPU.Build.0 = Debug|Any CPU
		{9A9DAA12-29B9-44B9-87F4-43C942B87B72}.Release|Any CPU.ActiveCfg = Release|Any CPU
		{9A9DAA12-29B9-44B9-87F4-43C942B87B72}.Release|Any CPU.Build.0 = Release|Any CPU
		{43390470-41CD-406C-BAFB-4282ABDD0393}.Debug|Any CPU.ActiveCfg = Debug|Any CPU
		{43390470-41CD-406C-BAFB-4282ABDD0393}.Debug|Any CPU.Build.0 = Debug|Any CPU
		{43390470-41CD-406C-BAFB-4282ABDD0393}.Release|Any CPU.ActiveCfg = Release|Any CPU
		{43390470-41CD-406C-BAFB-4282ABDD0393}.Release|Any CPU.Build.0 = Release|Any CPU
		{11DCF0A9-F9CA-4BAD-85B6-63D6E3DE14AB}.Debug|Any CPU.ActiveCfg = Debug|Any CPU
		{11DCF0A9-F9CA-4BAD-85B6-63D6E3DE14AB}.Debug|Any CPU.Build.0 = Debug|Any CPU
		{11DCF0A9-F9CA-4BAD-85B6-63D6E3DE14AB}.Release|Any CPU.ActiveCfg = Release|Any CPU
		{11DCF0A9-F9CA-4BAD-85B6-63D6E3DE14AB}.Release|Any CPU.Build.0 = Release|Any CPU
		{496C19AB-21C5-4514-9E3B-AD90A984AC1E}.Debug|Any CPU.ActiveCfg = Debug|Any CPU
		{496C19AB-21C5-4514-9E3B-AD90A984AC1E}.Debug|Any CPU.Build.0 = Debug|Any CPU
		{496C19AB-21C5-4514-9E3B-AD90A984AC1E}.Release|Any CPU.ActiveCfg = Release|Any CPU
		{496C19AB-21C5-4514-9E3B-AD90A984AC1E}.Release|Any CPU.Build.0 = Release|Any CPU
		{79F1F8B9-7E35-4827-9AFF-87A6ABC3C6CE}.Debug|Any CPU.ActiveCfg = Debug|Any CPU
		{79F1F8B9-7E35-4827-9AFF-87A6ABC3C6CE}.Debug|Any CPU.Build.0 = Debug|Any CPU
		{79F1F8B9-7E35-4827-9AFF-87A6ABC3C6CE}.Release|Any CPU.ActiveCfg = Release|Any CPU
		{79F1F8B9-7E35-4827-9AFF-87A6ABC3C6CE}.Release|Any CPU.Build.0 = Release|Any CPU
		{AA88B563-39BC-4A4C-92EB-5214602A262E}.Debug|Any CPU.ActiveCfg = Debug|Any CPU
		{AA88B563-39BC-4A4C-92EB-5214602A262E}.Debug|Any CPU.Build.0 = Debug|Any CPU
		{AA88B563-39BC-4A4C-92EB-5214602A262E}.Release|Any CPU.ActiveCfg = Release|Any CPU
		{AA88B563-39BC-4A4C-92EB-5214602A262E}.Release|Any CPU.Build.0 = Release|Any CPU
		{09B8010B-F780-4555-97A2-E06244942094}.Debug|Any CPU.ActiveCfg = Debug|Any CPU
		{09B8010B-F780-4555-97A2-E06244942094}.Debug|Any CPU.Build.0 = Debug|Any CPU
		{09B8010B-F780-4555-97A2-E06244942094}.Release|Any CPU.ActiveCfg = Release|Any CPU
		{09B8010B-F780-4555-97A2-E06244942094}.Release|Any CPU.Build.0 = Release|Any CPU
	EndGlobalSection
	GlobalSection(SolutionProperties) = preSolution
		HideSolutionNode = FALSE
	EndGlobalSection
	GlobalSection(ExtensibilityGlobals) = postSolution
		SolutionGuid = {A46A29CA-CFC6-441A-8F46-DF3F0E0E8A3F}
	EndGlobalSection
EndGlobal
